
Microsoft Visual Studio Solution File, Format Version 12.00
# Visual Studio Version 16
VisualStudioVersion = 16.0.32106.194
MinimumVisualStudioVersion = 10.0.40219.1
Project("{FAE04EC0-301F-11D3-BF4B-00C04F79EFBC}") = "MyFirstBlazor.Server", "MyFirstBlazor\Server\MyFirstBlazor.Server.csproj", "{9064FF2C-1784-40ED-8BC0-6418DFD4D28B}"
EndProject
Project("{FAE04EC0-301F-11D3-BF4B-00C04F79EFBC}") = "MyFirstBlazor.Client", "MyFirstBlazor\Client\MyFirstBlazor.Client.csproj", "{F2AF7AC2-F967-4B53-8165-12760DDE1466}"
EndProject
Project("{FAE04EC0-301F-11D3-BF4B-00C04F79EFBC}") = "MyFirstBlazor.Shared", "MyFirstBlazor\Shared\MyFirstBlazor.Shared.csproj", "{44F19C96-1055-4607-B867-D596C3E2B8AC}"
EndProject
Global
	GlobalSection(SolutionConfigurationPlatforms) = preSolution
		Debug|Any CPU = Debug|Any CPU
		Release|Any CPU = Release|Any CPU
	EndGlobalSection
	GlobalSection(ProjectConfigurationPlatforms) = postSolution
		{9064FF2C-1784-40ED-8BC0-6418DFD4D28B}.Debug|Any CPU.ActiveCfg = Debug|Any CPU
		{9064FF2C-1784-40ED-8BC0-6418DFD4D28B}.Debug|Any CPU.Build.0 = Debug|Any CPU
		{9064FF2C-1784-40ED-8BC0-6418DFD4D28B}.Release|Any CPU.ActiveCfg = Release|Any CPU
		{9064FF2C-1784-40ED-8BC0-6418DFD4D28B}.Release|Any CPU.Build.0 = Release|Any CPU
		{F2AF7AC2-F967-4B53-8165-12760DDE1466}.Debug|Any CPU.ActiveCfg = Debug|Any CPU
		{F2AF7AC2-F967-4B53-8165-12760DDE1466}.Debug|Any CPU.Build.0 = Debug|Any CPU
		{F2AF7AC2-F967-4B53-8165-12760DDE1466}.Release|Any CPU.ActiveCfg = Release|Any CPU
		{F2AF7AC2-F967-4B53-8165-12760DDE1466}.Release|Any CPU.Build.0 = Release|Any CPU
		{44F19C96-1055-4607-B867-D596C3E2B8AC}.Debug|Any CPU.ActiveCfg = Debug|Any CPU
		{44F19C96-1055-4607-B867-D596C3E2B8AC}.Debug|Any CPU.Build.0 = Debug|Any CPU
		{44F19C96-1055-4607-B867-D596C3E2B8AC}.Release|Any CPU.ActiveCfg = Release|Any CPU
		{44F19C96-1055-4607-B867-D596C3E2B8AC}.Release|Any CPU.Build.0 = Release|Any CPU
	EndGlobalSection
	GlobalSection(SolutionProperties) = preSolution
		HideSolutionNode = FALSE
	EndGlobalSection
	GlobalSection(ExtensibilityGlobals) = postSolution
		SolutionGuid = {233BD7CC-02C1-4EDA-8183-5322C22A8C60}
	EndGlobalSection
EndGlobal
